
Microsoft Visual Studio Solution File, Format Version 12.00
# Visual Studio Version 17
VisualStudioVersion = 17.5.2.0
MinimumVisualStudioVersion = 10.0.40219.1
Project("{FAE04EC0-301F-11D3-BF4B-00C04F79EFBC}") = "Server", "src\Server\Server.csproj", "{F3EE6B2D-0B19-306C-2C68-AB272C4E49C6}"
EndProject
Project("{2150E333-8FDC-42A3-9474-1A3956D46DE8}") = "tests", "tests", "{0AB3BF05-4346-4AA6-1389-037BE0695223}"
EndProject
Project("{FAE04EC0-301F-11D3-BF4B-00C04F79EFBC}") = "Server.UnitTests", "tests\Server.UnitTests\Server.UnitTests.csproj", "{10EBC08C-0857-4045-9FED-54FF3B0196FA}"
EndProject
Global
	GlobalSection(SolutionConfigurationPlatforms) = preSolution
		Debug|Any CPU = Debug|Any CPU
		Debug|x64 = Debug|x64
		Debug|x86 = Debug|x86
		Release|Any CPU = Release|Any CPU
		Release|x64 = Release|x64
		Release|x86 = Release|x86
	EndGlobalSection
	GlobalSection(ProjectConfigurationPlatforms) = postSolution
		{F3EE6B2D-0B19-306C-2C68-AB272C4E49C6}.Debug|Any CPU.ActiveCfg = Debug|Any CPU
		{F3EE6B2D-0B19-306C-2C68-AB272C4E49C6}.Debug|Any CPU.Build.0 = Debug|Any CPU
		{F3EE6B2D-0B19-306C-2C68-AB272C4E49C6}.Debug|x64.ActiveCfg = Debug|Any CPU
		{F3EE6B2D-0B19-306C-2C68-AB272C4E49C6}.Debug|x64.Build.0 = Debug|Any CPU
		{F3EE6B2D-0B19-306C-2C68-AB272C4E49C6}.Debug|x86.ActiveCfg = Debug|Any CPU
		{F3EE6B2D-0B19-306C-2C68-AB272C4E49C6}.Debug|x86.Build.0 = Debug|Any CPU
		{F3EE6B2D-0B19-306C-2C68-AB272C4E49C6}.Release|Any CPU.ActiveCfg = Release|Any CPU
		{F3EE6B2D-0B19-306C-2C68-AB272C4E49C6}.Release|Any CPU.Build.0 = Release|Any CPU
		{F3EE6B2D-0B19-306C-2C68-AB272C4E49C6}.Release|x64.ActiveCfg = Release|Any CPU
		{F3EE6B2D-0B19-306C-2C68-AB272C4E49C6}.Release|x64.Build.0 = Release|Any CPU
		{F3EE6B2D-0B19-306C-2C68-AB272C4E49C6}.Release|x86.ActiveCfg = Release|Any CPU
		{F3EE6B2D-0B19-306C-2C68-AB272C4E49C6}.Release|x86.Build.0 = Release|Any CPU
		{10EBC08C-0857-4045-9FED-54FF3B0196FA}.Debug|Any CPU.ActiveCfg = Debug|Any CPU
		{10EBC08C-0857-4045-9FED-54FF3B0196FA}.Debug|Any CPU.Build.0 = Debug|Any CPU
		{10EBC08C-0857-4045-9FED-54FF3B0196FA}.Debug|x64.ActiveCfg = Debug|Any CPU
		{10EBC08C-0857-4045-9FED-54FF3B0196FA}.Debug|x64.Build.0 = Debug|Any CPU
		{10EBC08C-0857-4045-9FED-54FF3B0196FA}.Debug|x86.ActiveCfg = Debug|Any CPU
		{10EBC08C-0857-4045-9FED-54FF3B0196FA}.Debug|x86.Build.0 = Debug|Any CPU
		{10EBC08C-0857-4045-9FED-54FF3B0196FA}.Release|Any CPU.ActiveCfg = Release|Any CPU
		{10EBC08C-0857-4045-9FED-54FF3B0196FA}.Release|Any CPU.Build.0 = Release|Any CPU
		{10EBC08C-0857-4045-9FED-54FF3B0196FA}.Release|x64.ActiveCfg = Release|Any CPU
		{10EBC08C-0857-4045-9FED-54FF3B0196FA}.Release|x64.Build.0 = Release|Any CPU
		{10EBC08C-0857-4045-9FED-54FF3B0196FA}.Release|x86.ActiveCfg = Release|Any CPU
		{10EBC08C-0857-4045-9FED-54FF3B0196FA}.Release|x86.Build.0 = Release|Any CPU
	EndGlobalSection
	GlobalSection(SolutionProperties) = preSolution
		HideSolutionNode = FALSE
	EndGlobalSection
	GlobalSection(NestedProjects) = preSolution
		{10EBC08C-0857-4045-9FED-54FF3B0196FA} = {0AB3BF05-4346-4AA6-1389-037BE0695223}
	EndGlobalSection
	GlobalSection(ExtensibilityGlobals) = postSolution
		SolutionGuid = {7330A177-705B-4C9D-9AD1-78BF8E432475}
	EndGlobalSection
EndGlobal
